
Microsoft Visual Studio Solution File, Format Version 12.00
# Visual Studio Version 17
VisualStudioVersion = 17.4.33205.214
MinimumVisualStudioVersion = 10.0.40219.1
Project("{FAE04EC0-301F-11D3-BF4B-00C04F79EFBC}") = "QLSachWPF", "QLSachWPF\QLSachWPF.csproj", "{FD436BFD-1AAD-4DA5-8728-47B54480EFF1}"
EndProject
Global
	GlobalSection(SolutionConfigurationPlatforms) = preSolution
		Debug|Any CPU = Debug|Any CPU
		Release|Any CPU = Release|Any CPU
	EndGlobalSection
	GlobalSection(ProjectConfigurationPlatforms) = postSolution
		{FD436BFD-1AAD-4DA5-8728-47B54480EFF1}.Debug|Any CPU.ActiveCfg = Debug|Any CPU
		{FD436BFD-1AAD-4DA5-8728-47B54480EFF1}.Debug|Any CPU.Build.0 = Debug|Any CPU
		{FD436BFD-1AAD-4DA5-8728-47B54480EFF1}.Release|Any CPU.ActiveCfg = Release|Any CPU
		{FD436BFD-1AAD-4DA5-8728-47B54480EFF1}.Release|Any CPU.Build.0 = Release|Any CPU
	EndGlobalSection
	GlobalSection(SolutionProperties) = preSolution
		HideSolutionNode = FALSE
	EndGlobalSection
	GlobalSection(ExtensibilityGlobals) = postSolution
		SolutionGuid = {91CE19D6-2D1C-4F0B-8CCC-AE4E5E07EA66}
	EndGlobalSection
EndGlobal
